
Microsoft Visual Studio Solution File, Format Version 12.00
# Visual Studio 2015
Project("{FAE04EC0-301F-11D3-BF4B-00C04F79EFBC}") = "Ads Save Lives.CSharp", "Ads Save Lives.CSharp.csproj", "{4229E5A1-8D89-2C51-E4A4-53A25D46BD04}"
EndProject
Global
	GlobalSection(SolutionConfigurationPlatforms) = preSolution
		Debug|Any CPU = Debug|Any CPU
		Release|Any CPU = Release|Any CPU
	EndGlobalSection
	GlobalSection(ProjectConfigurationPlatforms) = postSolution
		{4229E5A1-8D89-2C51-E4A4-53A25D46BD04}.Debug|Any CPU.ActiveCfg = Debug|Any CPU
		{4229E5A1-8D89-2C51-E4A4-53A25D46BD04}.Debug|Any CPU.Build.0 = Debug|Any CPU
		{4229E5A1-8D89-2C51-E4A4-53A25D46BD04}.Release|Any CPU.ActiveCfg = Release|Any CPU
		{4229E5A1-8D89-2C51-E4A4-53A25D46BD04}.Release|Any CPU.Build.0 = Release|Any CPU
	EndGlobalSection
	GlobalSection(SolutionProperties) = preSolution
		HideSolutionNode = FALSE
	EndGlobalSection
EndGlobal
